
Microsoft Visual Studio Solution File, Format Version 12.00
# Visual Studio 15
VisualStudioVersion = 15.0.28307.645
MinimumVisualStudioVersion = 10.0.40219.1
Project("{FAE04EC0-301F-11D3-BF4B-00C04F79EFBC}") = "ParkIT.Android", "ParkIT\ParkIT.Android\ParkIT.Android.csproj", "{93DB1BD6-ACCC-414D-ADD9-1802C6DE0D87}"
EndProject
Project("{FAE04EC0-301F-11D3-BF4B-00C04F79EFBC}") = "ParkIT.iOS", "ParkIT\ParkIT.iOS\ParkIT.iOS.csproj", "{21A1C03E-4520-4283-A617-A439ED96DFFD}"
EndProject
Project("{FAE04EC0-301F-11D3-BF4B-00C04F79EFBC}") = "ParkIT.UWP", "ParkIT\ParkIT.UWP\ParkIT.UWP.csproj", "{7DA5ADAB-506C-494B-A989-B4B3D9DC0320}"
EndProject
Project("{9A19103F-16F7-4668-BE54-9A1E7A4F7556}") = "ParkIT", "ParkIT\ParkIT\ParkIT.csproj", "{4DFFBBAB-D216-432F-BB33-848C9A995ECF}"
EndProject
Project("{FAE04EC0-301F-11D3-BF4B-00C04F79EFBC}") = "Test", "Test\Test.csproj", "{28648F9F-A644-4ECF-920A-01DF0C00BE69}"
EndProject
Global
	GlobalSection(SolutionConfigurationPlatforms) = preSolution
		Ad-Hoc|Any CPU = Ad-Hoc|Any CPU
		Ad-Hoc|ARM = Ad-Hoc|ARM
		Ad-Hoc|iPhone = Ad-Hoc|iPhone
		Ad-Hoc|iPhoneSimulator = Ad-Hoc|iPhoneSimulator
		Ad-Hoc|x64 = Ad-Hoc|x64
		Ad-Hoc|x86 = Ad-Hoc|x86
		AppStore|Any CPU = AppStore|Any CPU
		AppStore|ARM = AppStore|ARM
		AppStore|iPhone = AppStore|iPhone
		AppStore|iPhoneSimulator = AppStore|iPhoneSimulator
		AppStore|x64 = AppStore|x64
		AppStore|x86 = AppStore|x86
		Debug|Any CPU = Debug|Any CPU
		Debug|ARM = Debug|ARM
		Debug|iPhone = Debug|iPhone
		Debug|iPhoneSimulator = Debug|iPhoneSimulator
		Debug|x64 = Debug|x64
		Debug|x86 = Debug|x86
		Release|Any CPU = Release|Any CPU
		Release|ARM = Release|ARM
		Release|iPhone = Release|iPhone
		Release|iPhoneSimulator = Release|iPhoneSimulator
		Release|x64 = Release|x64
		Release|x86 = Release|x86
	EndGlobalSection
	GlobalSection(ProjectConfigurationPlatforms) = postSolution
		{93DB1BD6-ACCC-414D-ADD9-1802C6DE0D87}.Ad-Hoc|Any CPU.ActiveCfg = Release|Any CPU
		{93DB1BD6-ACCC-414D-ADD9-1802C6DE0D87}.Ad-Hoc|Any CPU.Build.0 = Release|Any CPU
		{93DB1BD6-ACCC-414D-ADD9-1802C6DE0D87}.Ad-Hoc|Any CPU.Deploy.0 = Release|Any CPU
		{93DB1BD6-ACCC-414D-ADD9-1802C6DE0D87}.Ad-Hoc|ARM.ActiveCfg = Release|Any CPU
		{93DB1BD6-ACCC-414D-ADD9-1802C6DE0D87}.Ad-Hoc|ARM.Build.0 = Release|Any CPU
		{93DB1BD6-ACCC-414D-ADD9-1802C6DE0D87}.Ad-Hoc|ARM.Deploy.0 = Release|Any CPU
		{93DB1BD6-ACCC-414D-ADD9-1802C6DE0D87}.Ad-Hoc|iPhone.ActiveCfg = Release|Any CPU
		{93DB1BD6-ACCC-414D-ADD9-1802C6DE0D87}.Ad-Hoc|iPhone.Build.0 = Release|Any CPU
		{93DB1BD6-ACCC-414D-ADD9-1802C6DE0D87}.Ad-Hoc|iPhone.Deploy.0 = Release|Any CPU
		{93DB1BD6-ACCC-414D-ADD9-1802C6DE0D87}.Ad-Hoc|iPhoneSimulator.ActiveCfg = Release|Any CPU
		{93DB1BD6-ACCC-414D-ADD9-1802C6DE0D87}.Ad-Hoc|iPhoneSimulator.Build.0 = Release|Any CPU
		{93DB1BD6-ACCC-414D-ADD9-1802C6DE0D87}.Ad-Hoc|iPhoneSimulator.Deploy.0 = Release|Any CPU
		{93DB1BD6-ACCC-414D-ADD9-1802C6DE0D87}.Ad-Hoc|x64.ActiveCfg = Release|Any CPU
		{93DB1BD6-ACCC-414D-ADD9-1802C6DE0D87}.Ad-Hoc|x64.Build.0 = Release|Any CPU
		{93DB1BD6-ACCC-414D-ADD9-1802C6DE0D87}.Ad-Hoc|x64.Deploy.0 = Release|Any CPU
		{93DB1BD6-ACCC-414D-ADD9-1802C6DE0D87}.Ad-Hoc|x86.ActiveCfg = Release|Any CPU
		{93DB1BD6-ACCC-414D-ADD9-1802C6DE0D87}.Ad-Hoc|x86.Build.0 = Release|Any CPU
		{93DB1BD6-ACCC-414D-ADD9-1802C6DE0D87}.Ad-Hoc|x86.Deploy.0 = Release|Any CPU
		{93DB1BD6-ACCC-414D-ADD9-1802C6DE0D87}.AppStore|Any CPU.ActiveCfg = Release|Any CPU
		{93DB1BD6-ACCC-414D-ADD9-1802C6DE0D87}.AppStore|Any CPU.Build.0 = Release|Any CPU
		{93DB1BD6-ACCC-414D-ADD9-1802C6DE0D87}.AppStore|Any CPU.Deploy.0 = Release|Any CPU
		{93DB1BD6-ACCC-414D-ADD9-1802C6DE0D87}.AppStore|ARM.ActiveCfg = Release|Any CPU
		{93DB1BD6-ACCC-414D-ADD9-1802C6DE0D87}.AppStore|ARM.Build.0 = Release|Any CPU
		{93DB1BD6-ACCC-414D-ADD9-1802C6DE0D87}.AppStore|ARM.Deploy.0 = Release|Any CPU
		{93DB1BD6-ACCC-414D-ADD9-1802C6DE0D87}.AppStore|iPhone.ActiveCfg = Release|Any CPU
		{93DB1BD6-ACCC-414D-ADD9-1802C6DE0D87}.AppStore|iPhone.Build.0 = Release|Any CPU
		{93DB1BD6-ACCC-414D-ADD9-1802C6DE0D87}.AppStore|iPhone.Deploy.0 = Release|Any CPU
		{93DB1BD6-ACCC-414D-ADD9-1802C6DE0D87}.AppStore|iPhoneSimulator.ActiveCfg = Release|Any CPU
		{93DB1BD6-ACCC-414D-ADD9-1802C6DE0D87}.AppStore|iPhoneSimulator.Build.0 = Release|Any CPU
		{93DB1BD6-ACCC-414D-ADD9-1802C6DE0D87}.AppStore|iPhoneSimulator.Deploy.0 = Release|Any CPU
		{93DB1BD6-ACCC-414D-ADD9-1802C6DE0D87}.AppStore|x64.ActiveCfg = Release|Any CPU
		{93DB1BD6-ACCC-414D-ADD9-1802C6DE0D87}.AppStore|x64.Build.0 = Release|Any CPU
		{93DB1BD6-ACCC-414D-ADD9-1802C6DE0D87}.AppStore|x64.Deploy.0 = Release|Any CPU
		{93DB1BD6-ACCC-414D-ADD9-1802C6DE0D87}.AppStore|x86.ActiveCfg = Release|Any CPU
		{93DB1BD6-ACCC-414D-ADD9-1802C6DE0D87}.AppStore|x86.Build.0 = Release|Any CPU
		{93DB1BD6-ACCC-414D-ADD9-1802C6DE0D87}.AppStore|x86.Deploy.0 = Release|Any CPU
		{93DB1BD6-ACCC-414D-ADD9-1802C6DE0D87}.Debug|Any CPU.ActiveCfg = Debug|Any CPU
		{93DB1BD6-ACCC-414D-ADD9-1802C6DE0D87}.Debug|Any CPU.Build.0 = Debug|Any CPU
		{93DB1BD6-ACCC-414D-ADD9-1802C6DE0D87}.Debug|Any CPU.Deploy.0 = Debug|Any CPU
		{93DB1BD6-ACCC-414D-ADD9-1802C6DE0D87}.Debug|ARM.ActiveCfg = Debug|Any CPU
		{93DB1BD6-ACCC-414D-ADD9-1802C6DE0D87}.Debug|ARM.Build.0 = Debug|Any CPU
		{93DB1BD6-ACCC-414D-ADD9-1802C6DE0D87}.Debug|ARM.Deploy.0 = Debug|Any CPU
		{93DB1BD6-ACCC-414D-ADD9-1802C6DE0D87}.Debug|iPhone.ActiveCfg = Debug|Any CPU
		{93DB1BD6-ACCC-414D-ADD9-1802C6DE0D87}.Debug|iPhone.Build.0 = Debug|Any CPU
		{93DB1BD6-ACCC-414D-ADD9-1802C6DE0D87}.Debug|iPhone.Deploy.0 = Debug|Any CPU
		{93DB1BD6-ACCC-414D-ADD9-1802C6DE0D87}.Debug|iPhoneSimulator.ActiveCfg = Debug|Any CPU
		{93DB1BD6-ACCC-414D-ADD9-1802C6DE0D87}.Debug|iPhoneSimulator.Build.0 = Debug|Any CPU
		{93DB1BD6-ACCC-414D-ADD9-1802C6DE0D87}.Debug|iPhoneSimulator.Deploy.0 = Debug|Any CPU
		{93DB1BD6-ACCC-414D-ADD9-1802C6DE0D87}.Debug|x64.ActiveCfg = Debug|Any CPU
		{93DB1BD6-ACCC-414D-ADD9-1802C6DE0D87}.Debug|x64.Build.0 = Debug|Any CPU
		{93DB1BD6-ACCC-414D-ADD9-1802C6DE0D87}.Debug|x64.Deploy.0 = Debug|Any CPU
		{93DB1BD6-ACCC-414D-ADD9-1802C6DE0D87}.Debug|x86.ActiveCfg = Debug|Any CPU
		{93DB1BD6-ACCC-414D-ADD9-1802C6DE0D87}.Debug|x86.Build.0 = Debug|Any CPU
		{93DB1BD6-ACCC-414D-ADD9-1802C6DE0D87}.Debug|x86.Deploy.0 = Debug|Any CPU
		{93DB1BD6-ACCC-414D-ADD9-1802C6DE0D87}.Release|Any CPU.ActiveCfg = Release|Any CPU
		{93DB1BD6-ACCC-414D-ADD9-1802C6DE0D87}.Release|Any CPU.Build.0 = Release|Any CPU
		{93DB1BD6-ACCC-414D-ADD9-1802C6DE0D87}.Release|Any CPU.Deploy.0 = Release|Any CPU
		{93DB1BD6-ACCC-414D-ADD9-1802C6DE0D87}.Release|ARM.ActiveCfg = Release|Any CPU
		{93DB1BD6-ACCC-414D-ADD9-1802C6DE0D87}.Release|ARM.Build.0 = Release|Any CPU
		{93DB1BD6-ACCC-414D-ADD9-1802C6DE0D87}.Release|ARM.Deploy.0 = Release|Any CPU
		{93DB1BD6-ACCC-414D-ADD9-1802C6DE0D87}.Release|iPhone.ActiveCfg = Release|Any CPU
		{93DB1BD6-ACCC-414D-ADD9-1802C6DE0D87}.Release|iPhone.Build.0 = Release|Any CPU
		{93DB1BD6-ACCC-414D-ADD9-1802C6DE0D87}.Release|iPhone.Deploy.0 = Release|Any CPU
		{93DB1BD6-ACCC-414D-ADD9-1802C6DE0D87}.Release|iPhoneSimulator.ActiveCfg = Release|Any CPU
		{93DB1BD6-ACCC-414D-ADD9-1802C6DE0D87}.Release|iPhoneSimulator.Build.0 = Release|Any CPU
		{93DB1BD6-ACCC-414D-ADD9-1802C6DE0D87}.Release|iPhoneSimulator.Deploy.0 = Release|Any CPU
		{93DB1BD6-ACCC-414D-ADD9-1802C6DE0D87}.Release|x64.ActiveCfg = Release|Any CPU
		{93DB1BD6-ACCC-414D-ADD9-1802C6DE0D87}.Release|x64.Build.0 = Release|Any CPU
		{93DB1BD6-ACCC-414D-ADD9-1802C6DE0D87}.Release|x64.Deploy.0 = Release|Any CPU
		{93DB1BD6-ACCC-414D-ADD9-1802C6DE0D87}.Release|x86.ActiveCfg = Release|Any CPU
		{93DB1BD6-ACCC-414D-ADD9-1802C6DE0D87}.Release|x86.Build.0 = Release|Any CPU
		{93DB1BD6-ACCC-414D-ADD9-1802C6DE0D87}.Release|x86.Deploy.0 = Release|Any CPU
		{21A1C03E-4520-4283-A617-A439ED96DFFD}.Ad-Hoc|Any CPU.ActiveCfg = Ad-Hoc|iPhone
		{21A1C03E-4520-4283-A617-A439ED96DFFD}.Ad-Hoc|Any CPU.Build.0 = Ad-Hoc|iPhone
		{21A1C03E-4520-4283-A617-A439ED96DFFD}.Ad-Hoc|Any CPU.Deploy.0 = Ad-Hoc|iPhone
		{21A1C03E-4520-4283-A617-A439ED96DFFD}.Ad-Hoc|ARM.ActiveCfg = Ad-Hoc|iPhone
		{21A1C03E-4520-4283-A617-A439ED96DFFD}.Ad-Hoc|ARM.Build.0 = Ad-Hoc|iPhone
		{21A1C03E-4520-4283-A617-A439ED96DFFD}.Ad-Hoc|ARM.Deploy.0 = Ad-Hoc|iPhone
		{21A1C03E-4520-4283-A617-A439ED96DFFD}.Ad-Hoc|iPhone.ActiveCfg = Ad-Hoc|iPhone
		{21A1C03E-4520-4283-A617-A439ED96DFFD}.Ad-Hoc|iPhone.Build.0 = Ad-Hoc|iPhone
		{21A1C03E-4520-4283-A617-A439ED96DFFD}.Ad-Hoc|iPhone.Deploy.0 = Ad-Hoc|iPhone
		{21A1C03E-4520-4283-A617-A439ED96DFFD}.Ad-Hoc|iPhoneSimulator.ActiveCfg = Ad-Hoc|iPhoneSimulator
		{21A1C03E-4520-4283-A617-A439ED96DFFD}.Ad-Hoc|iPhoneSimulator.Build.0 = Ad-Hoc|iPhoneSimulator
		{21A1C03E-4520-4283-A617-A439ED96DFFD}.Ad-Hoc|iPhoneSimulator.Deploy.0 = Ad-Hoc|iPhoneSimulator
		{21A1C03E-4520-4283-A617-A439ED96DFFD}.Ad-Hoc|x64.ActiveCfg = Ad-Hoc|iPhone
		{21A1C03E-4520-4283-A617-A439ED96DFFD}.Ad-Hoc|x64.Build.0 = Ad-Hoc|iPhone
		{21A1C03E-4520-4283-A617-A439ED96DFFD}.Ad-Hoc|x64.Deploy.0 = Ad-Hoc|iPhone
		{21A1C03E-4520-4283-A617-A439ED96DFFD}.Ad-Hoc|x86.ActiveCfg = Ad-Hoc|iPhone
		{21A1C03E-4520-4283-A617-A439ED96DFFD}.Ad-Hoc|x86.Build.0 = Ad-Hoc|iPhone
		{21A1C03E-4520-4283-A617-A439ED96DFFD}.Ad-Hoc|x86.Deploy.0 = Ad-Hoc|iPhone
		{21A1C03E-4520-4283-A617-A439ED96DFFD}.AppStore|Any CPU.ActiveCfg = AppStore|iPhone
		{21A1C03E-4520-4283-A617-A439ED96DFFD}.AppStore|Any CPU.Build.0 = AppStore|iPhone
		{21A1C03E-4520-4283-A617-A439ED96DFFD}.AppStore|Any CPU.Deploy.0 = AppStore|iPhone
		{21A1C03E-4520-4283-A617-A439ED96DFFD}.AppStore|ARM.ActiveCfg = AppStore|iPhone
		{21A1C03E-4520-4283-A617-A439ED96DFFD}.AppStore|ARM.Build.0 = AppStore|iPhone
		{21A1C03E-4520-4283-A617-A439ED96DFFD}.AppStore|ARM.Deploy.0 = AppStore|iPhone
		{21A1C03E-4520-4283-A617-A439ED96DFFD}.AppStore|iPhone.ActiveCfg = AppStore|iPhone
		{21A1C03E-4520-4283-A617-A439ED96DFFD}.AppStore|iPhone.Build.0 = AppStore|iPhone
		{21A1C03E-4520-4283-A617-A439ED96DFFD}.AppStore|iPhone.Deploy.0 = AppStore|iPhone
		{21A1C03E-4520-4283-A617-A439ED96DFFD}.AppStore|iPhoneSimulator.ActiveCfg = AppStore|iPhoneSimulator
		{21A1C03E-4520-4283-A617-A439ED96DFFD}.AppStore|iPhoneSimulator.Build.0 = AppStore|iPhoneSimulator
		{21A1C03E-4520-4283-A617-A439ED96DFFD}.AppStore|iPhoneSimulator.Deploy.0 = AppStore|iPhoneSimulator
		{21A1C03E-4520-4283-A617-A439ED96DFFD}.AppStore|x64.ActiveCfg = AppStore|iPhone
		{21A1C03E-4520-4283-A617-A439ED96DFFD}.AppStore|x64.Build.0 = AppStore|iPhone
		{21A1C03E-4520-4283-A617-A439ED96DFFD}.AppStore|x64.Deploy.0 = AppStore|iPhone
		{21A1C03E-4520-4283-A617-A439ED96DFFD}.AppStore|x86.ActiveCfg = AppStore|iPhone
		{21A1C03E-4520-4283-A617-A439ED96DFFD}.AppStore|x86.Build.0 = AppStore|iPhone
		{21A1C03E-4520-4283-A617-A439ED96DFFD}.AppStore|x86.Deploy.0 = AppStore|iPhone
		{21A1C03E-4520-4283-A617-A439ED96DFFD}.Debug|Any CPU.ActiveCfg = Debug|iPhoneSimulator
		{21A1C03E-4520-4283-A617-A439ED96DFFD}.Debug|Any CPU.Build.0 = Debug|iPhoneSimulator
		{21A1C03E-4520-4283-A617-A439ED96DFFD}.Debug|Any CPU.Deploy.0 = Debug|iPhoneSimulator
		{21A1C03E-4520-4283-A617-A439ED96DFFD}.Debug|ARM.ActiveCfg = Debug|iPhone
		{21A1C03E-4520-4283-A617-A439ED96DFFD}.Debug|ARM.Build.0 = Debug|iPhone
		{21A1C03E-4520-4283-A617-A439ED96DFFD}.Debug|ARM.Deploy.0 = Debug|iPhone
		{21A1C03E-4520-4283-A617-A439ED96DFFD}.Debug|iPhone.ActiveCfg = Debug|iPhone
		{21A1C03E-4520-4283-A617-A439ED96DFFD}.Debug|iPhone.Build.0 = Debug|iPhone
		{21A1C03E-4520-4283-A617-A439ED96DFFD}.Debug|iPhone.Deploy.0 = Debug|iPhone
		{21A1C03E-4520-4283-A617-A439ED96DFFD}.Debug|iPhoneSimulator.ActiveCfg = Debug|iPhoneSimulator
		{21A1C03E-4520-4283-A617-A439ED96DFFD}.Debug|iPhoneSimulator.Build.0 = Debug|iPhoneSimulator
		{21A1C03E-4520-4283-A617-A439ED96DFFD}.Debug|iPhoneSimulator.Deploy.0 = Debug|iPhoneSimulator
		{21A1C03E-4520-4283-A617-A439ED96DFFD}.Debug|x64.ActiveCfg = Debug|iPhone
		{21A1C03E-4520-4283-A617-A439ED96DFFD}.Debug|x64.Build.0 = Debug|iPhone
		{21A1C03E-4520-4283-A617-A439ED96DFFD}.Debug|x64.Deploy.0 = Debug|iPhone
		{21A1C03E-4520-4283-A617-A439ED96DFFD}.Debug|x86.ActiveCfg = Debug|iPhone
		{21A1C03E-4520-4283-A617-A439ED96DFFD}.Debug|x86.Build.0 = Debug|iPhone
		{21A1C03E-4520-4283-A617-A439ED96DFFD}.Debug|x86.Deploy.0 = Debug|iPhone
		{21A1C03E-4520-4283-A617-A439ED96DFFD}.Release|Any CPU.ActiveCfg = Release|iPhone
		{21A1C03E-4520-4283-A617-A439ED96DFFD}.Release|Any CPU.Build.0 = Release|iPhone
		{21A1C03E-4520-4283-A617-A439ED96DFFD}.Release|Any CPU.Deploy.0 = Release|iPhone
		{21A1C03E-4520-4283-A617-A439ED96DFFD}.Release|ARM.ActiveCfg = Release|iPhone
		{21A1C03E-4520-4283-A617-A439ED96DFFD}.Release|ARM.Build.0 = Release|iPhone
		{21A1C03E-4520-4283-A617-A439ED96DFFD}.Release|ARM.Deploy.0 = Release|iPhone
		{21A1C03E-4520-4283-A617-A439ED96DFFD}.Release|iPhone.ActiveCfg = Release|iPhone
		{21A1C03E-4520-4283-A617-A439ED96DFFD}.Release|iPhone.Build.0 = Release|iPhone
		{21A1C03E-4520-4283-A617-A439ED96DFFD}.Release|iPhone.Deploy.0 = Release|iPhone
		{21A1C03E-4520-4283-A617-A439ED96DFFD}.Release|iPhoneSimulator.ActiveCfg = Release|iPhoneSimulator
		{21A1C03E-4520-4283-A617-A439ED96DFFD}.Release|iPhoneSimulator.Build.0 = Release|iPhoneSimulator
		{21A1C03E-4520-4283-A617-A439ED96DFFD}.Release|iPhoneSimulator.Deploy.0 = Release|iPhoneSimulator
		{21A1C03E-4520-4283-A617-A439ED96DFFD}.Release|x64.ActiveCfg = Release|iPhone
		{21A1C03E-4520-4283-A617-A439ED96DFFD}.Release|x64.Build.0 = Release|iPhone
		{21A1C03E-4520-4283-A617-A439ED96DFFD}.Release|x64.Deploy.0 = Release|iPhone
		{21A1C03E-4520-4283-A617-A439ED96DFFD}.Release|x86.ActiveCfg = Release|iPhone
		{21A1C03E-4520-4283-A617-A439ED96DFFD}.Release|x86.Build.0 = Release|iPhone
		{21A1C03E-4520-4283-A617-A439ED96DFFD}.Release|x86.Deploy.0 = Release|iPhone
		{7DA5ADAB-506C-494B-A989-B4B3D9DC0320}.Ad-Hoc|Any CPU.ActiveCfg = Release|x86
		{7DA5ADAB-506C-494B-A989-B4B3D9DC0320}.Ad-Hoc|Any CPU.Build.0 = Release|x86
		{7DA5ADAB-506C-494B-A989-B4B3D9DC0320}.Ad-Hoc|Any CPU.Deploy.0 = Release|x86
		{7DA5ADAB-506C-494B-A989-B4B3D9DC0320}.Ad-Hoc|ARM.ActiveCfg = Release|ARM
		{7DA5ADAB-506C-494B-A989-B4B3D9DC0320}.Ad-Hoc|ARM.Build.0 = Release|ARM
		{7DA5ADAB-506C-494B-A989-B4B3D9DC0320}.Ad-Hoc|ARM.Deploy.0 = Release|ARM
		{7DA5ADAB-506C-494B-A989-B4B3D9DC0320}.Ad-Hoc|iPhone.ActiveCfg = Release|x86
		{7DA5ADAB-506C-494B-A989-B4B3D9DC0320}.Ad-Hoc|iPhone.Build.0 = Release|x86
		{7DA5ADAB-506C-494B-A989-B4B3D9DC0320}.Ad-Hoc|iPhone.Deploy.0 = Release|x86
		{7DA5ADAB-506C-494B-A989-B4B3D9DC0320}.Ad-Hoc|iPhoneSimulator.ActiveCfg = Release|x86
		{7DA5ADAB-506C-494B-A989-B4B3D9DC0320}.Ad-Hoc|iPhoneSimulator.Build.0 = Release|x86
		{7DA5ADAB-506C-494B-A989-B4B3D9DC0320}.Ad-Hoc|iPhoneSimulator.Deploy.0 = Release|x86
		{7DA5ADAB-506C-494B-A989-B4B3D9DC0320}.Ad-Hoc|x64.ActiveCfg = Release|x64
		{7DA5ADAB-506C-494B-A989-B4B3D9DC0320}.Ad-Hoc|x64.Build.0 = Release|x64
		{7DA5ADAB-506C-494B-A989-B4B3D9DC0320}.Ad-Hoc|x64.Deploy.0 = Release|x64
		{7DA5ADAB-506C-494B-A989-B4B3D9DC0320}.Ad-Hoc|x86.ActiveCfg = Release|x86
		{7DA5ADAB-506C-494B-A989-B4B3D9DC0320}.Ad-Hoc|x86.Build.0 = Release|x86
		{7DA5ADAB-506C-494B-A989-B4B3D9DC0320}.Ad-Hoc|x86.Deploy.0 = Release|x86
		{7DA5ADAB-506C-494B-A989-B4B3D9DC0320}.AppStore|Any CPU.ActiveCfg = Release|x86
		{7DA5ADAB-506C-494B-A989-B4B3D9DC0320}.AppStore|Any CPU.Build.0 = Release|x86
		{7DA5ADAB-506C-494B-A989-B4B3D9DC0320}.AppStore|Any CPU.Deploy.0 = Release|x86
		{7DA5ADAB-506C-494B-A989-B4B3D9DC0320}.AppStore|ARM.ActiveCfg = Release|ARM
		{7DA5ADAB-506C-494B-A989-B4B3D9DC0320}.AppStore|ARM.Build.0 = Release|ARM
		{7DA5ADAB-506C-494B-A989-B4B3D9DC0320}.AppStore|ARM.Deploy.0 = Release|ARM
		{7DA5ADAB-506C-494B-A989-B4B3D9DC0320}.AppStore|iPhone.ActiveCfg = Release|x86
		{7DA5ADAB-506C-494B-A989-B4B3D9DC0320}.AppStore|iPhone.Build.0 = Release|x86
		{7DA5ADAB-506C-494B-A989-B4B3D9DC0320}.AppStore|iPhone.Deploy.0 = Release|x86
		{7DA5ADAB-506C-494B-A989-B4B3D9DC0320}.AppStore|iPhoneSimulator.ActiveCfg = Release|x86
		{7DA5ADAB-506C-494B-A989-B4B3D9DC0320}.AppStore|iPhoneSimulator.Build.0 = Release|x86
		{7DA5ADAB-506C-494B-A989-B4B3D9DC0320}.AppStore|iPhoneSimulator.Deploy.0 = Release|x86
		{7DA5ADAB-506C-494B-A989-B4B3D9DC0320}.AppStore|x64.ActiveCfg = Release|x64
		{7DA5ADAB-506C-494B-A989-B4B3D9DC0320}.AppStore|x64.Build.0 = Release|x64
		{7DA5ADAB-506C-494B-A989-B4B3D9DC0320}.AppStore|x64.Deploy.0 = Release|x64
		{7DA5ADAB-506C-494B-A989-B4B3D9DC0320}.AppStore|x86.ActiveCfg = Release|x86
		{7DA5ADAB-506C-494B-A989-B4B3D9DC0320}.AppStore|x86.Build.0 = Release|x86
		{7DA5ADAB-506C-494B-A989-B4B3D9DC0320}.AppStore|x86.Deploy.0 = Release|x86
		{7DA5ADAB-506C-494B-A989-B4B3D9DC0320}.Debug|Any CPU.ActiveCfg = Debug|x86
		{7DA5ADAB-506C-494B-A989-B4B3D9DC0320}.Debug|Any CPU.Build.0 = Debug|x86
		{7DA5ADAB-506C-494B-A989-B4B3D9DC0320}.Debug|Any CPU.Deploy.0 = Debug|x86
		{7DA5ADAB-506C-494B-A989-B4B3D9DC0320}.Debug|ARM.ActiveCfg = Debug|ARM
		{7DA5ADAB-506C-494B-A989-B4B3D9DC0320}.Debug|ARM.Build.0 = Debug|ARM
		{7DA5ADAB-506C-494B-A989-B4B3D9DC0320}.Debug|ARM.Deploy.0 = Debug|ARM
		{7DA5ADAB-506C-494B-A989-B4B3D9DC0320}.Debug|iPhone.ActiveCfg = Debug|x86
		{7DA5ADAB-506C-494B-A989-B4B3D9DC0320}.Debug|iPhone.Build.0 = Debug|x86
		{7DA5ADAB-506C-494B-A989-B4B3D9DC0320}.Debug|iPhone.Deploy.0 = Debug|x86
		{7DA5ADAB-506C-494B-A989-B4B3D9DC0320}.Debug|iPhoneSimulator.ActiveCfg = Debug|x86
		{7DA5ADAB-506C-494B-A989-B4B3D9DC0320}.Debug|iPhoneSimulator.Build.0 = Debug|x86
		{7DA5ADAB-506C-494B-A989-B4B3D9DC0320}.Debug|iPhoneSimulator.Deploy.0 = Debug|x86
		{7DA5ADAB-506C-494B-A989-B4B3D9DC0320}.Debug|x64.ActiveCfg = Debug|x64
		{7DA5ADAB-506C-494B-A989-B4B3D9DC0320}.Debug|x64.Build.0 = Debug|x64
		{7DA5ADAB-506C-494B-A989-B4B3D9DC0320}.Debug|x64.Deploy.0 = Debug|x64
		{7DA5ADAB-506C-494B-A989-B4B3D9DC0320}.Debug|x86.ActiveCfg = Debug|x86
		{7DA5ADAB-506C-494B-A989-B4B3D9DC0320}.Debug|x86.Build.0 = Debug|x86
		{7DA5ADAB-506C-494B-A989-B4B3D9DC0320}.Debug|x86.Deploy.0 = Debug|x86
		{7DA5ADAB-506C-494B-A989-B4B3D9DC0320}.Release|Any CPU.ActiveCfg = Release|x86
		{7DA5ADAB-506C-494B-A989-B4B3D9DC0320}.Release|Any CPU.Build.0 = Release|x86
		{7DA5ADAB-506C-494B-A989-B4B3D9DC0320}.Release|Any CPU.Deploy.0 = Release|x86
		{7DA5ADAB-506C-494B-A989-B4B3D9DC0320}.Release|ARM.ActiveCfg = Release|ARM
		{7DA5ADAB-506C-494B-A989-B4B3D9DC0320}.Release|ARM.Build.0 = Release|ARM
		{7DA5ADAB-506C-494B-A989-B4B3D9DC0320}.Release|ARM.Deploy.0 = Release|ARM
		{7DA5ADAB-506C-494B-A989-B4B3D9DC0320}.Release|iPhone.ActiveCfg = Release|x86
		{7DA5ADAB-506C-494B-A989-B4B3D9DC0320}.Release|iPhone.Build.0 = Release|x86
		{7DA5ADAB-506C-494B-A989-B4B3D9DC0320}.Release|iPhone.Deploy.0 = Release|x86
		{7DA5ADAB-506C-494B-A989-B4B3D9DC0320}.Release|iPhoneSimulator.ActiveCfg = Release|x86
		{7DA5ADAB-506C-494B-A989-B4B3D9DC0320}.Release|iPhoneSimulator.Build.0 = Release|x86
		{7DA5ADAB-506C-494B-A989-B4B3D9DC0320}.Release|iPhoneSimulator.Deploy.0 = Release|x86
		{7DA5ADAB-506C-494B-A989-B4B3D9DC0320}.Release|x64.ActiveCfg = Release|x64
		{7DA5ADAB-506C-494B-A989-B4B3D9DC0320}.Release|x64.Build.0 = Release|x64
		{7DA5ADAB-506C-494B-A989-B4B3D9DC0320}.Release|x64.Deploy.0 = Release|x64
		{7DA5ADAB-506C-494B-A989-B4B3D9DC0320}.Release|x86.ActiveCfg = Release|x86
		{7DA5ADAB-506C-494B-A989-B4B3D9DC0320}.Release|x86.Build.0 = Release|x86
		{7DA5ADAB-506C-494B-A989-B4B3D9DC0320}.Release|x86.Deploy.0 = Release|x86
		{4DFFBBAB-D216-432F-BB33-848C9A995ECF}.Ad-Hoc|Any CPU.ActiveCfg = Debug|Any CPU
		{4DFFBBAB-D216-432F-BB33-848C9A995ECF}.Ad-Hoc|Any CPU.Build.0 = Debug|Any CPU
		{4DFFBBAB-D216-432F-BB33-848C9A995ECF}.Ad-Hoc|Any CPU.Deploy.0 = Debug|Any CPU
		{4DFFBBAB-D216-432F-BB33-848C9A995ECF}.Ad-Hoc|ARM.ActiveCfg = Debug|Any CPU
		{4DFFBBAB-D216-432F-BB33-848C9A995ECF}.Ad-Hoc|ARM.Build.0 = Debug|Any CPU
		{4DFFBBAB-D216-432F-BB33-848C9A995ECF}.Ad-Hoc|ARM.Deploy.0 = Debug|Any CPU
		{4DFFBBAB-D216-432F-BB33-848C9A995ECF}.Ad-Hoc|iPhone.ActiveCfg = Debug|Any CPU
		{4DFFBBAB-D216-432F-BB33-848C9A995ECF}.Ad-Hoc|iPhone.Build.0 = Debug|Any CPU
		{4DFFBBAB-D216-432F-BB33-848C9A995ECF}.Ad-Hoc|iPhone.Deploy.0 = Debug|Any CPU
		{4DFFBBAB-D216-432F-BB33-848C9A995ECF}.Ad-Hoc|iPhoneSimulator.ActiveCfg = Debug|Any CPU
		{4DFFBBAB-D216-432F-BB33-848C9A995ECF}.Ad-Hoc|iPhoneSimulator.Build.0 = Debug|Any CPU
		{4DFFBBAB-D216-432F-BB33-848C9A995ECF}.Ad-Hoc|iPhoneSimulator.Deploy.0 = Debug|Any CPU
		{4DFFBBAB-D216-432F-BB33-848C9A995ECF}.Ad-Hoc|x64.ActiveCfg = Debug|Any CPU
		{4DFFBBAB-D216-432F-BB33-848C9A995ECF}.Ad-Hoc|x64.Build.0 = Debug|Any CPU
		{4DFFBBAB-D216-432F-BB33-848C9A995ECF}.Ad-Hoc|x64.Deploy.0 = Debug|Any CPU
		{4DFFBBAB-D216-432F-BB33-848C9A995ECF}.Ad-Hoc|x86.ActiveCfg = Debug|Any CPU
		{4DFFBBAB-D216-432F-BB33-848C9A995ECF}.Ad-Hoc|x86.Build.0 = Debug|Any CPU
		{4DFFBBAB-D216-432F-BB33-848C9A995ECF}.Ad-Hoc|x86.Deploy.0 = Debug|Any CPU
		{4DFFBBAB-D216-432F-BB33-848C9A995ECF}.AppStore|Any CPU.ActiveCfg = Debug|Any CPU
		{4DFFBBAB-D216-432F-BB33-848C9A995ECF}.AppStore|Any CPU.Build.0 = Debug|Any CPU
		{4DFFBBAB-D216-432F-BB33-848C9A995ECF}.AppStore|Any CPU.Deploy.0 = Debug|Any CPU
		{4DFFBBAB-D216-432F-BB33-848C9A995ECF}.AppStore|ARM.ActiveCfg = Debug|Any CPU
		{4DFFBBAB-D216-432F-BB33-848C9A995ECF}.AppStore|ARM.Build.0 = Debug|Any CPU
		{4DFFBBAB-D216-432F-BB33-848C9A995ECF}.AppStore|ARM.Deploy.0 = Debug|Any CPU
		{4DFFBBAB-D216-432F-BB33-848C9A995ECF}.AppStore|iPhone.ActiveCfg = Debug|Any CPU
		{4DFFBBAB-D216-432F-BB33-848C9A995ECF}.AppStore|iPhone.Build.0 = Debug|Any CPU
		{4DFFBBAB-D216-432F-BB33-848C9A995ECF}.AppStore|iPhone.Deploy.0 = Debug|Any CPU
		{4DFFBBAB-D216-432F-BB33-848C9A995ECF}.AppStore|iPhoneSimulator.ActiveCfg = Debug|Any CPU
		{4DFFBBAB-D216-432F-BB33-848C9A995ECF}.AppStore|iPhoneSimulator.Build.0 = Debug|Any CPU
		{4DFFBBAB-D216-432F-BB33-848C9A995ECF}.AppStore|iPhoneSimulator.Deploy.0 = Debug|Any CPU
		{4DFFBBAB-D216-432F-BB33-848C9A995ECF}.AppStore|x64.ActiveCfg = Debug|Any CPU
		{4DFFBBAB-D216-432F-BB33-848C9A995ECF}.AppStore|x64.Build.0 = Debug|Any CPU
		{4DFFBBAB-D216-432F-BB33-848C9A995ECF}.AppStore|x64.Deploy.0 = Debug|Any CPU
		{4DFFBBAB-D216-432F-BB33-848C9A995ECF}.AppStore|x86.ActiveCfg = Debug|Any CPU
		{4DFFBBAB-D216-432F-BB33-848C9A995ECF}.AppStore|x86.Build.0 = Debug|Any CPU
		{4DFFBBAB-D216-432F-BB33-848C9A995ECF}.AppStore|x86.Deploy.0 = Debug|Any CPU
		{4DFFBBAB-D216-432F-BB33-848C9A995ECF}.Debug|Any CPU.ActiveCfg = Debug|Any CPU
		{4DFFBBAB-D216-432F-BB33-848C9A995ECF}.Debug|Any CPU.Build.0 = Debug|Any CPU
		{4DFFBBAB-D216-432F-BB33-848C9A995ECF}.Debug|Any CPU.Deploy.0 = Debug|Any CPU
		{4DFFBBAB-D216-432F-BB33-848C9A995ECF}.Debug|ARM.ActiveCfg = Debug|Any CPU
		{4DFFBBAB-D216-432F-BB33-848C9A995ECF}.Debug|ARM.Build.0 = Debug|Any CPU
		{4DFFBBAB-D216-432F-BB33-848C9A995ECF}.Debug|ARM.Deploy.0 = Debug|Any CPU
		{4DFFBBAB-D216-432F-BB33-848C9A995ECF}.Debug|iPhone.ActiveCfg = Debug|Any CPU
		{4DFFBBAB-D216-432F-BB33-848C9A995ECF}.Debug|iPhone.Build.0 = Debug|Any CPU
		{4DFFBBAB-D216-432F-BB33-848C9A995ECF}.Debug|iPhone.Deploy.0 = Debug|Any CPU
		{4DFFBBAB-D216-432F-BB33-848C9A995ECF}.Debug|iPhoneSimulator.ActiveCfg = Debug|Any CPU
		{4DFFBBAB-D216-432F-BB33-848C9A995ECF}.Debug|iPhoneSimulator.Build.0 = Debug|Any CPU
		{4DFFBBAB-D216-432F-BB33-848C9A995ECF}.Debug|iPhoneSimulator.Deploy.0 = Debug|Any CPU
		{4DFFBBAB-D216-432F-BB33-848C9A995ECF}.Debug|x64.ActiveCfg = Debug|Any CPU
		{4DFFBBAB-D216-432F-BB33-848C9A995ECF}.Debug|x64.Build.0 = Debug|Any CPU
		{4DFFBBAB-D216-432F-BB33-848C9A995ECF}.Debug|x64.Deploy.0 = Debug|Any CPU
		{4DFFBBAB-D216-432F-BB33-848C9A995ECF}.Debug|x86.ActiveCfg = Debug|Any CPU
		{4DFFBBAB-D216-432F-BB33-848C9A995ECF}.Debug|x86.Build.0 = Debug|Any CPU
		{4DFFBBAB-D216-432F-BB33-848C9A995ECF}.Debug|x86.Deploy.0 = Debug|Any CPU
		{4DFFBBAB-D216-432F-BB33-848C9A995ECF}.Release|Any CPU.ActiveCfg = Release|Any CPU
		{4DFFBBAB-D216-432F-BB33-848C9A995ECF}.Release|Any CPU.Build.0 = Release|Any CPU
		{4DFFBBAB-D216-432F-BB33-848C9A995ECF}.Release|Any CPU.Deploy.0 = Release|Any CPU
		{4DFFBBAB-D216-432F-BB33-848C9A995ECF}.Release|ARM.ActiveCfg = Release|Any CPU
		{4DFFBBAB-D216-432F-BB33-848C9A995ECF}.Release|ARM.Build.0 = Release|Any CPU
		{4DFFBBAB-D216-432F-BB33-848C9A995ECF}.Release|ARM.Deploy.0 = Release|Any CPU
		{4DFFBBAB-D216-432F-BB33-848C9A995ECF}.Release|iPhone.ActiveCfg = Release|Any CPU
		{4DFFBBAB-D216-432F-BB33-848C9A995ECF}.Release|iPhone.Build.0 = Release|Any CPU
		{4DFFBBAB-D216-432F-BB33-848C9A995ECF}.Release|iPhone.Deploy.0 = Release|Any CPU
		{4DFFBBAB-D216-432F-BB33-848C9A995ECF}.Release|iPhoneSimulator.ActiveCfg = Release|Any CPU
		{4DFFBBAB-D216-432F-BB33-848C9A995ECF}.Release|iPhoneSimulator.Build.0 = Release|Any CPU
		{4DFFBBAB-D216-432F-BB33-848C9A995ECF}.Release|iPhoneSimulator.Deploy.0 = Release|Any CPU
		{4DFFBBAB-D216-432F-BB33-848C9A995ECF}.Release|x64.ActiveCfg = Release|Any CPU
		{4DFFBBAB-D216-432F-BB33-848C9A995ECF}.Release|x64.Build.0 = Release|Any CPU
		{4DFFBBAB-D216-432F-BB33-848C9A995ECF}.Release|x64.Deploy.0 = Release|Any CPU
		{4DFFBBAB-D216-432F-BB33-848C9A995ECF}.Release|x86.ActiveCfg = Release|Any CPU
		{4DFFBBAB-D216-432F-BB33-848C9A995ECF}.Release|x86.Build.0 = Release|Any CPU
		{4DFFBBAB-D216-432F-BB33-848C9A995ECF}.Release|x86.Deploy.0 = Release|Any CPU
		{28648F9F-A644-4ECF-920A-01DF0C00BE69}.Ad-Hoc|Any CPU.ActiveCfg = Release|Any CPU
		{28648F9F-A644-4ECF-920A-01DF0C00BE69}.Ad-Hoc|Any CPU.Build.0 = Release|Any CPU
		{28648F9F-A644-4ECF-920A-01DF0C00BE69}.Ad-Hoc|ARM.ActiveCfg = Release|Any CPU
		{28648F9F-A644-4ECF-920A-01DF0C00BE69}.Ad-Hoc|ARM.Build.0 = Release|Any CPU
		{28648F9F-A644-4ECF-920A-01DF0C00BE69}.Ad-Hoc|iPhone.ActiveCfg = Release|Any CPU
		{28648F9F-A644-4ECF-920A-01DF0C00BE69}.Ad-Hoc|iPhone.Build.0 = Release|Any CPU
		{28648F9F-A644-4ECF-920A-01DF0C00BE69}.Ad-Hoc|iPhoneSimulator.ActiveCfg = Release|Any CPU
		{28648F9F-A644-4ECF-920A-01DF0C00BE69}.Ad-Hoc|iPhoneSimulator.Build.0 = Release|Any CPU
		{28648F9F-A644-4ECF-920A-01DF0C00BE69}.Ad-Hoc|x64.ActiveCfg = Release|Any CPU
		{28648F9F-A644-4ECF-920A-01DF0C00BE69}.Ad-Hoc|x64.Build.0 = Release|Any CPU
		{28648F9F-A644-4ECF-920A-01DF0C00BE69}.Ad-Hoc|x86.ActiveCfg = Release|Any CPU
		{28648F9F-A644-4ECF-920A-01DF0C00BE69}.Ad-Hoc|x86.Build.0 = Release|Any CPU
		{28648F9F-A644-4ECF-920A-01DF0C00BE69}.AppStore|Any CPU.ActiveCfg = Release|Any CPU
		{28648F9F-A644-4ECF-920A-01DF0C00BE69}.AppStore|Any CPU.Build.0 = Release|Any CPU
		{28648F9F-A644-4ECF-920A-01DF0C00BE69}.AppStore|ARM.ActiveCfg = Release|Any CPU
		{28648F9F-A644-4ECF-920A-01DF0C00BE69}.AppStore|ARM.Build.0 = Release|Any CPU
		{28648F9F-A644-4ECF-920A-01DF0C00BE69}.AppStore|iPhone.ActiveCfg = Release|Any CPU
		{28648F9F-A644-4ECF-920A-01DF0C00BE69}.AppStore|iPhone.Build.0 = Release|Any CPU
		{28648F9F-A644-4ECF-920A-01DF0C00BE69}.AppStore|iPhoneSimulator.ActiveCfg = Release|Any CPU
		{28648F9F-A644-4ECF-920A-01DF0C00BE69}.AppStore|iPhoneSimulator.Build.0 = Release|Any CPU
		{28648F9F-A644-4ECF-920A-01DF0C00BE69}.AppStore|x64.ActiveCfg = Release|Any CPU
		{28648F9F-A644-4ECF-920A-01DF0C00BE69}.AppStore|x64.Build.0 = Release|Any CPU
		{28648F9F-A644-4ECF-920A-01DF0C00BE69}.AppStore|x86.ActiveCfg = Release|Any CPU
		{28648F9F-A644-4ECF-920A-01DF0C00BE69}.AppStore|x86.Build.0 = Release|Any CPU
		{28648F9F-A644-4ECF-920A-01DF0C00BE69}.Debug|Any CPU.ActiveCfg = Debug|Any CPU
		{28648F9F-A644-4ECF-920A-01DF0C00BE69}.Debug|Any CPU.Build.0 = Debug|Any CPU
		{28648F9F-A644-4ECF-920A-01DF0C00BE69}.Debug|ARM.ActiveCfg = Debug|Any CPU
		{28648F9F-A644-4ECF-920A-01DF0C00BE69}.Debug|ARM.Build.0 = Debug|Any CPU
		{28648F9F-A644-4ECF-920A-01DF0C00BE69}.Debug|iPhone.ActiveCfg = Debug|Any CPU
		{28648F9F-A644-4ECF-920A-01DF0C00BE69}.Debug|iPhone.Build.0 = Debug|Any CPU
		{28648F9F-A644-4ECF-920A-01DF0C00BE69}.Debug|iPhoneSimulator.ActiveCfg = Debug|Any CPU
		{28648F9F-A644-4ECF-920A-01DF0C00BE69}.Debug|iPhoneSimulator.Build.0 = Debug|Any CPU
		{28648F9F-A644-4ECF-920A-01DF0C00BE69}.Debug|x64.ActiveCfg = Debug|Any CPU
		{28648F9F-A644-4ECF-920A-01DF0C00BE69}.Debug|x64.Build.0 = Debug|Any CPU
		{28648F9F-A644-4ECF-920A-01DF0C00BE69}.Debug|x86.ActiveCfg = Debug|Any CPU
		{28648F9F-A644-4ECF-920A-01DF0C00BE69}.Debug|x86.Build.0 = Debug|Any CPU
		{28648F9F-A644-4ECF-920A-01DF0C00BE69}.Release|Any CPU.ActiveCfg = Release|Any CPU
		{28648F9F-A644-4ECF-920A-01DF0C00BE69}.Release|Any CPU.Build.0 = Release|Any CPU
		{28648F9F-A644-4ECF-920A-01DF0C00BE69}.Release|ARM.ActiveCfg = Release|Any CPU
		{28648F9F-A644-4ECF-920A-01DF0C00BE69}.Release|ARM.Build.0 = Release|Any CPU
		{28648F9F-A644-4ECF-920A-01DF0C00BE69}.Release|iPhone.ActiveCfg = Release|Any CPU
		{28648F9F-A644-4ECF-920A-01DF0C00BE69}.Release|iPhone.Build.0 = Release|Any CPU
		{28648F9F-A644-4ECF-920A-01DF0C00BE69}.Release|iPhoneSimulator.ActiveCfg = Release|Any CPU
		{28648F9F-A644-4ECF-920A-01DF0C00BE69}.Release|iPhoneSimulator.Build.0 = Release|Any CPU
		{28648F9F-A644-4ECF-920A-01DF0C00BE69}.Release|x64.ActiveCfg = Release|Any CPU
		{28648F9F-A644-4ECF-920A-01DF0C00BE69}.Release|x64.Build.0 = Release|Any CPU
		{28648F9F-A644-4ECF-920A-01DF0C00BE69}.Release|x86.ActiveCfg = Release|Any CPU
		{28648F9F-A644-4ECF-920A-01DF0C00BE69}.Release|x86.Build.0 = Release|Any CPU
	EndGlobalSection
	GlobalSection(SolutionProperties) = preSolution
		HideSolutionNode = FALSE
	EndGlobalSection
	GlobalSection(ExtensibilityGlobals) = postSolution
		SolutionGuid = {EBD0E3AF-491D-4651-8D39-0FD44F3E5CE7}
	EndGlobalSection
EndGlobal
