
Microsoft Visual Studio Solution File, Format Version 12.00
# Visual Studio 15
VisualStudioVersion = 15.0.28307.645
MinimumVisualStudioVersion = 10.0.40219.1
Project("{FAE04EC0-301F-11D3-BF4B-00C04F79EFBC}") = "ParkITAspWeb", "ParkITAspWeb\ParkITAspWeb.csproj", "{87BEBEF6-4671-491F-9190-7DD4280D7F13}"
EndProject
Project("{FAE04EC0-301F-11D3-BF4B-00C04F79EFBC}") = "LogicTest", "LogicTest\LogicTest.csproj", "{119C8155-0731-47DD-8001-18F29C2991F8}"
EndProject
Global
	GlobalSection(SolutionConfigurationPlatforms) = preSolution
		Debug|Any CPU = Debug|Any CPU
		Release|Any CPU = Release|Any CPU
	EndGlobalSection
	GlobalSection(ProjectConfigurationPlatforms) = postSolution
		{87BEBEF6-4671-491F-9190-7DD4280D7F13}.Debug|Any CPU.ActiveCfg = Debug|Any CPU
		{87BEBEF6-4671-491F-9190-7DD4280D7F13}.Debug|Any CPU.Build.0 = Debug|Any CPU
		{87BEBEF6-4671-491F-9190-7DD4280D7F13}.Release|Any CPU.ActiveCfg = Release|Any CPU
		{87BEBEF6-4671-491F-9190-7DD4280D7F13}.Release|Any CPU.Build.0 = Release|Any CPU
		{119C8155-0731-47DD-8001-18F29C2991F8}.Debug|Any CPU.ActiveCfg = Debug|Any CPU
		{119C8155-0731-47DD-8001-18F29C2991F8}.Debug|Any CPU.Build.0 = Debug|Any CPU
		{119C8155-0731-47DD-8001-18F29C2991F8}.Release|Any CPU.ActiveCfg = Release|Any CPU
		{119C8155-0731-47DD-8001-18F29C2991F8}.Release|Any CPU.Build.0 = Release|Any CPU
	EndGlobalSection
	GlobalSection(SolutionProperties) = preSolution
		HideSolutionNode = FALSE
	EndGlobalSection
	GlobalSection(ExtensibilityGlobals) = postSolution
		SolutionGuid = {4D4D04F2-0D62-4D3F-9264-4E35A5062F01}
	EndGlobalSection
EndGlobal
